
Microsoft Visual Studio Solution File, Format Version 12.00
# Visual Studio Version 16
VisualStudioVersion = 16.0.31321.278
MinimumVisualStudioVersion = 10.0.40219.1
Project("{FAE04EC0-301F-11D3-BF4B-00C04F79EFBC}") = "DemonicPactPatch", "DemonicPactPatch\DemonicPactPatch.csproj", "{EC57CD8B-5A8A-40BD-B946-03C6E7F6A63C}"
EndProject
Global
	GlobalSection(SolutionConfigurationPlatforms) = preSolution
		Debug|Any CPU = Debug|Any CPU
		Release|Any CPU = Release|Any CPU
	EndGlobalSection
	GlobalSection(ProjectConfigurationPlatforms) = postSolution
		{EC57CD8B-5A8A-40BD-B946-03C6E7F6A63C}.Debug|Any CPU.ActiveCfg = Debug|Any CPU
		{EC57CD8B-5A8A-40BD-B946-03C6E7F6A63C}.Debug|Any CPU.Build.0 = Debug|Any CPU
		{EC57CD8B-5A8A-40BD-B946-03C6E7F6A63C}.Release|Any CPU.ActiveCfg = Release|Any CPU
		{EC57CD8B-5A8A-40BD-B946-03C6E7F6A63C}.Release|Any CPU.Build.0 = Release|Any CPU
	EndGlobalSection
	GlobalSection(SolutionProperties) = preSolution
		HideSolutionNode = FALSE
	EndGlobalSection
	GlobalSection(ExtensibilityGlobals) = postSolution
		SolutionGuid = {ED7A02A8-84F0-4516-BA8B-877EEA8270E2}
	EndGlobalSection
EndGlobal
